
Microsoft Visual Studio Solution File, Format Version 12.00
# Visual Studio Version 17
VisualStudioVersion = 17.5.002.0
MinimumVisualStudioVersion = 10.0.40219.1
Project("{9A19103F-16F7-4668-BE54-9A1E7A4F7556}") = "okulprojesi3", "okulprojesi3.csproj", "{3B4DA2B7-7A42-45AE-8932-AB9DCAF909B9}"
EndProject
Global
	GlobalSection(SolutionConfigurationPlatforms) = preSolution
		Debug|Any CPU = Debug|Any CPU
		Release|Any CPU = Release|Any CPU
	EndGlobalSection
	GlobalSection(ProjectConfigurationPlatforms) = postSolution
		{3B4DA2B7-7A42-45AE-8932-AB9DCAF909B9}.Debug|Any CPU.ActiveCfg = Debug|Any CPU
		{3B4DA2B7-7A42-45AE-8932-AB9DCAF909B9}.Debug|Any CPU.Build.0 = Debug|Any CPU
		{3B4DA2B7-7A42-45AE-8932-AB9DCAF909B9}.Release|Any CPU.ActiveCfg = Release|Any CPU
		{3B4DA2B7-7A42-45AE-8932-AB9DCAF909B9}.Release|Any CPU.Build.0 = Release|Any CPU
	EndGlobalSection
	GlobalSection(SolutionProperties) = preSolution
		HideSolutionNode = FALSE
	EndGlobalSection
	GlobalSection(ExtensibilityGlobals) = postSolution
		SolutionGuid = {5C1CB786-B67F-4EF8-948D-77CF2738FD38}
	EndGlobalSection
EndGlobal
